
Microsoft Visual Studio Solution File, Format Version 12.00
# Visual Studio Version 17
VisualStudioVersion = 17.10.34928.147
MinimumVisualStudioVersion = 10.0.40219.1
Project("{FAE04EC0-301F-11D3-BF4B-00C04F79EFBC}") = "WookieHealthMonitor", "WookieHealthMonitor\WookieHealthMonitor.csproj", "{5C92B80F-58D4-4E71-A323-7AB669612227}"
EndProject
Global
	GlobalSection(SolutionConfigurationPlatforms) = preSolution
		Debug|Any CPU = Debug|Any CPU
		Release|Any CPU = Release|Any CPU
	EndGlobalSection
	GlobalSection(ProjectConfigurationPlatforms) = postSolution
		{5C92B80F-58D4-4E71-A323-7AB669612227}.Debug|Any CPU.ActiveCfg = Debug|Any CPU
		{5C92B80F-58D4-4E71-A323-7AB669612227}.Debug|Any CPU.Build.0 = Debug|Any CPU
		{5C92B80F-58D4-4E71-A323-7AB669612227}.Release|Any CPU.ActiveCfg = Release|Any CPU
		{5C92B80F-58D4-4E71-A323-7AB669612227}.Release|Any CPU.Build.0 = Release|Any CPU
	EndGlobalSection
	GlobalSection(SolutionProperties) = preSolution
		HideSolutionNode = FALSE
	EndGlobalSection
	GlobalSection(ExtensibilityGlobals) = postSolution
		SolutionGuid = {5D270914-FF08-4154-85D0-0282E49802AA}
	EndGlobalSection
EndGlobal
